PODS:
  - DWDatabase (1.0.4.8):
    - DWKit/DWCategory/DWObjectUtils (~> 0.0.0.18)
    - FMDB (~> 2.7.2)
  - DWKit/DWCategory/DWObjectUtils (0.0.0.18)
  - FMDB (2.7.5):
    - FMDB/standard (= 2.7.5)
  - FMDB/standard (2.7.5)

DEPENDENCIES:
  - DWDatabase (from `../`)

SPEC REPOS:
  https://github.com/CocoaPods/Specs.git:
    - DWKit
    - FMDB

EXTERNAL SOURCES:
  DWDatabase:
    :path: "../"

SPEC CHECKSUMS:
  DWDatabase: c6c4c100a21a304f6051a715145f862cc2fd53db
  DWKit: 18908dff6111e932726556e20bb2f12a7b723799
  FMDB: 2ce00b547f966261cd18927a3ddb07cb6f3db82a

PODFILE CHECKSUM: 3ac360483159e4214b0b7385de02fc8ab5171b04

COCOAPODS: 1.9.1
